# THIS IS AN AUTOGENERATED FILE. DO NOT EDIT THIS FILE DIRECTLY.
# yarn lockfile v1


almond@~0.3.1:
  version "0.3.3"
  resolved "https://registry.yarnpkg.com/almond/-/almond-0.3.3.tgz#a0e7c95ac7624d6417b4494b1e68bff693168a20"
  integrity sha1-oOfJWsdiTWQXtElLHmi/9pMWiiA=

bootstrap-tagsinput@^0.7.1:
  version "0.7.1"
  resolved "https://registry.yarnpkg.com/bootstrap-tagsinput/-/bootstrap-tagsinput-0.7.1.tgz#ffe3b06bbe2a106945ef2814568005a94f211937"
  integrity sha1-/+Owa74qEGlF7ygUVoAFqU8hGTc=

chart.js@^2.7.2:
  version "2.7.2"
  resolved "https://registry.yarnpkg.com/chart.js/-/chart.js-2.7.2.tgz#3c9fde4dc5b95608211bdefeda7e5d33dffa5714"
  integrity sha512-90wl3V9xRZ8tnMvMlpcW+0Yg13BelsGS9P9t0ClaDxv/hdypHDr/YAGf+728m11P5ljwyB0ZHfPKCapZFqSqYA==
  dependencies:
    chartjs-color "^2.1.0"
    moment "^2.10.2"

chartjs-color-string@^0.5.0:
  version "0.5.0"
  resolved "https://registry.yarnpkg.com/chartjs-color-string/-/chartjs-color-string-0.5.0.tgz#8d3752d8581d86687c35bfe2cb80ac5213ceb8c1"
  integrity sha512-amWNvCOXlOUYxZVDSa0YOab5K/lmEhbFNKI55PWc4mlv28BDzA7zaoQTGxSBgJMHIW+hGX8YUrvw/FH4LyhwSQ==
  dependencies:
    color-name "^1.0.0"

chartjs-color@^2.1.0:
  version "2.2.0"
  resolved "https://registry.yarnpkg.com/chartjs-color/-/chartjs-color-2.2.0.tgz#84a2fb755787ed85c39dd6dd8c7b1d88429baeae"
  integrity sha1-hKL7dVeH7YXDndbdjHsdiEKbrq4=
  dependencies:
    chartjs-color-string "^0.5.0"
    color-convert "^0.5.3"

color-convert@^0.5.3:
  version "0.5.3"
  resolved "https://registry.yarnpkg.com/color-convert/-/color-convert-0.5.3.tgz#bdb6c69ce660fadffe0b0007cc447e1b9f7282bd"
  integrity sha1-vbbGnOZg+t/+CwAHzER+G59ygr0=

color-name@^1.0.0:
  version "1.1.4"
  resolved "https://registry.yarnpkg.com/color-name/-/color-name-1.1.4.tgz#c2a09a87acbde69543de6f63fa3995c826c536a2"
  integrity sha512-dOy+3AuW3a2wNbZHIuMZpTcgjGuLU/uBL/ubcZF9OXbDo8ff4O8yVp5Bf0efS8uEoYo5q4Fx7dY9OgQGXgAsQA==

eve-raphael@0.5.0:
  version "0.5.0"
  resolved "https://registry.yarnpkg.com/eve-raphael/-/eve-raphael-0.5.0.tgz#17c754b792beef3fa6684d79cf5a47c63c4cda30"
  integrity sha1-F8dUt5K+7z+maE15z1pHxjxM2jA=

fastclick@^1.0.6:
  version "1.0.6"
  resolved "https://registry.yarnpkg.com/fastclick/-/fastclick-1.0.6.tgz#161625b27b1a5806405936bda9a2c1926d06be6a"
  integrity sha1-FhYlsnsaWAZAWTa9qaLBkm0Gvmo=

icheck@^1.0.2:
  version "1.0.2"
  resolved "https://registry.yarnpkg.com/icheck/-/icheck-1.0.2.tgz#06d08da3d47ae448c153b2639b86e9ad7fdf7128"
  integrity sha1-BtCNo9R65EjBU7Jjm4bprX/fcSg=

ionicons@^4.3.0:
  version "4.3.0"
  resolved "https://registry.yarnpkg.com/ionicons/-/ionicons-4.3.0.tgz#89a7060e6bde412275a7083a029e010b66da897d"
  integrity sha512-LJFJV0wkjjSV0rMlzy61MJRIuxUHP7JBw8v1FA92D8k99QANrKKjrQz8MHxvG20RE80JOUNX/kJWq99hX7Rnww==

jquery-mousewheel@~3.1.13:
  version "3.1.13"
  resolved "https://registry.yarnpkg.com/jquery-mousewheel/-/jquery-mousewheel-3.1.13.tgz#06f0335f16e353a695e7206bf50503cb523a6ee5"
  integrity sha1-BvAzXxbjU6aV5yBr9QUDy1I6buU=

jquery@>=1.12.0:
  version "3.3.1"
  resolved "https://registry.yarnpkg.com/jquery/-/jquery-3.3.1.tgz#958ce29e81c9790f31be7792df5d4d95fc57fbca"
  integrity sha512-Ubldcmxp5np52/ENotGxlLe6aGMvmF4R8S6tZjsP6Knsaxd/xp3Zrh50cG93lR6nPXyUFwzN3ZSOQI0wRJNdGg==

lazyload@^2.0.0-beta.2:
  version "2.0.0-beta.2"
  resolved "https://registry.yarnpkg.com/lazyload/-/lazyload-2.0.0-beta.2.tgz#1dc729c3739f06fdc825702c33b9dd99f89ebcbd"
  integrity sha512-UT1/OlsKe/raZGZgZ71DtnBOj3g6x5AZDc/V9INHpJBgRGh8jv61Jm8ZVHF1UmfFcEOIQHlYH/fO5gmZPvVtOA==

moment@^2.10.2:
  version "2.22.2"
  resolved "https://registry.yarnpkg.com/moment/-/moment-2.22.2.tgz#3c257f9839fc0e93ff53149632239eb90783ff66"
  integrity sha1-PCV/mDn8DpP/UxSWMiOeuQeD/2Y=

morris.js@^0.5.0:
  version "0.5.0"
  resolved "https://registry.yarnpkg.com/morris.js/-/morris.js-0.5.0.tgz#725767135cfae059aae75999bb2ce6a1c5d1b44b"
  integrity sha1-cldnE1z64Fmq51mZuyzmocXRtEs=

raphael@^2.2.7:
  version "2.2.7"
  resolved "https://registry.yarnpkg.com/raphael/-/raphael-2.2.7.tgz#231b19141f8d086986d8faceb66f8b562ee2c810"
  integrity sha1-IxsZFB+NCGmG2PrOtm+LVi7iyBA=
  dependencies:
    eve-raphael "0.5.0"

select2@^4.0.6-rc.1:
  version "4.0.6-rc.1"
  resolved "https://registry.yarnpkg.com/select2/-/select2-4.0.6-rc.1.tgz#aa6c3038a7f0f2e91ffade38f0a21c15e1813276"
  integrity sha1-qmwwOKfw8ukf+t448KIcFeGBMnY=
  dependencies:
    almond "~0.3.1"
    jquery-mousewheel "~3.1.13"

sweetalert2@^7.26.10:
  version "7.26.10"
  resolved "https://registry.yarnpkg.com/sweetalert2/-/sweetalert2-7.26.10.tgz#51e4cbe84b0775e3333536530196849f8d58d3c0"
  integrity sha512-WOaqeVFcA25etIx6g7V7GuvTFEgsMUfNzcbF0si+FDOv8g54eKwwkIcGM7YhvB1ieM7Zm3qe/QktZ/i6FPCD3A==

toastr@^2.1.4:
  version "2.1.4"
  resolved "https://registry.yarnpkg.com/toastr/-/toastr-2.1.4.tgz#8b43be64fb9d0c414871446f2db8e8ca4e95f181"
  integrity sha1-i0O+ZPudDEFIcURvLbjoyk6V8YE=
  dependencies:
    jquery ">=1.12.0"

underscore@^1.9.1:
  version "1.9.1"
  resolved "https://registry.yarnpkg.com/underscore/-/underscore-1.9.1.tgz#06dce34a0e68a7babc29b365b8e74b8925203961"
  integrity sha512-5/4etnCkd9c8gwgowi5/om/mYO5ajCaOgdzj/oW+0eQV9WxKBDZw5+ycmKmeaTXjInS/W0BzpGLo2xR2aBwZdg==
